github.com/vjammi/go-learn/raft/lab v0.0.0-20220920040703-b6805dc4a8ba h1:NjIcDlFWWMjAR/lT0l0DzeEx26WVXf46/IzJRkomFp0=
github.com/vjammi/go-learn/raft/lab v0.0.0-20220920040703-b6805dc4a8ba/go.mod h1:/OBkeGc2qaGmNP/aCKgkUVGQBivsLrpL4+dZqgQQPmI=
github.com/vjammi/go-learn/raft/labgob v0.0.0-20220920040703-b6805dc4a8ba h1:nnow2zAkodLXeGdbGbrfGdT0c6EEc+UTHu2A/0TCdgc=
github.com/vjammi/go-learn/raft/labgob v0.0.0-20220920040703-b6805dc4a8ba/go.mod h1:oQzw7l+hFTrr52nu/OOqrMkdlZ8u6Ct3WfvygOcejdc=
github.com/vjammi/go-learn/raft/labrpc v0.0.0-20220920040703-b6805dc4a8ba h1:pzzWAe7PVC1SGp4CFHd9K5kA46xPBMQVnANrUDcQ0Jo=
github.com/vjammi/go-learn/raft/labrpc v0.0.0-20220920040703-b6805dc4a8ba/go.mod h1:uMzwqPyBBcX0RwlRjIQ2gX70tsV2RMovGRBhAf7+5VY=
